// !$*UTF8*$!
{
	archiveVersion = 1;
	classes = {
	};
	objectVersion = 46;
	objects = {

/* Begin PBXBuildFile section */
		5CD0D2AF1BB04E5600D97AD4 /* main.m in Sources */ = {isa = PBXBuildFile; fileRef = 5CD0D2AE1BB04E5600D97AD4 /* main.m */; };
		5CD0D2B21BB04E5600D97AD4 /* AppDelegate.m in Sources */ = {isa = PBXBuildFile; fileRef = 5CD0D2B11BB04E5600D97AD4 /* AppDelegate.m */; };
		5CD0D2B51BB04E5600D97AD4 /* ViewController.m in Sources */ = {isa = PBXBuildFile; fileRef = 5CD0D2B41BB04E5600D97AD4 /* ViewController.m */; };
		5CD0D2B81BB04E5600D97AD4 /* Main.storyboard in Resources */ = {isa = PBXBuildFile; fileRef = 5CD0D2B61BB04E5600D97AD4 /* Main.storyboard */; };
		5CD0D2BA1BB04E5600D97AD4 /* Images.xcassets in Resources */ = {isa = PBXBuildFile; fileRef = 5CD0D2B91BB04E5600D97AD4 /* Images.xcassets */; };
		5CD0D2BD1BB04E5600D97AD4 /* LaunchScreen.xib in Resources */ = {isa = PBXBuildFile; fileRef = 5CD0D2BB1BB04E5600D97AD4 /* LaunchScreen.xib */; };
		5CD0D2C91BB04E5600D97AD4 /* LFETests.m in Sources */ = {isa = PBXBuildFile; fileRef = 5CD0D2C81BB04E5600D97AD4 /* LFETests.m */; };
		5CD0D2D41BB04F8E00D97AD4 /* ImageButton.m in Sources */ = {isa = PBXBuildFile; fileRef = 5CD0D2D31BB04F8E00D97AD4 /* ImageButton.m */; };
		5CD0D2D71BB0546E00D97AD4 /* PageView.m in Sources */ = {isa = PBXBuildFile; fileRef = 5CD0D2D61BB0546E00D97AD4 /* PageView.m */; };
		5CD0D2DF1BB05CE500D97AD4 /* UIColor+HexColor.m in Sources */ = {isa = PBXBuildFile; fileRef = 5CD0D2DA1BB05CE500D97AD4 /* UIColor+HexColor.m */; };
		5CD0D2E01BB05CE500D97AD4 /* VBPieChart.m in Sources */ = {isa = PBXBuildFile; fileRef = 5CD0D2DC1BB05CE500D97AD4 /* VBPieChart.m */; };
		5CD0D2E11BB05CE500D97AD4 /* VBPiePiece.m in Sources */ = {isa = PBXBuildFile; fileRef = 5CD0D2DE1BB05CE500D97AD4 /* VBPiePiece.m */; };
		5CD0D2F71BB05E3500D97AD4 /* LineAndBarChart.m in Sources */ = {isa = PBXBuildFile; fileRef = 5CD0D2F61BB05E3500D97AD4 /* LineAndBarChart.m */; };
		5CD0D2FA1BB061D800D97AD4 /* BarChart.m in Sources */ = {isa = PBXBuildFile; fileRef = 5CD0D2F91BB061D800D97AD4 /* BarChart.m */; };
		5CD0D2FD1BB0682A00D97AD4 /* SportsView.m in Sources */ = {isa = PBXBuildFile; fileRef = 5CD0D2FC1BB0682A00D97AD4 /* SportsView.m */; };
		5CD0D31C1BB075CB00D97AD4 /* UUBar.m in Sources */ = {isa = PBXBuildFile; fileRef = 5CD0D3111BB075CB00D97AD4 /* UUBar.m */; };
		5CD0D31D1BB075CB00D97AD4 /* UUBarChart.m in Sources */ = {isa = PBXBuildFile; fileRef = 5CD0D3131BB075CB00D97AD4 /* UUBarChart.m */; };
		5CD0D31E1BB075CB00D97AD4 /* UUChart.m in Sources */ = {isa = PBXBuildFile; fileRef = 5CD0D3151BB075CB00D97AD4 /* UUChart.m */; };
		5CD0D31F1BB075CB00D97AD4 /* UUChartLabel.m in Sources */ = {isa = PBXBuildFile; fileRef = 5CD0D3171BB075CB00D97AD4 /* UUChartLabel.m */; };
		5CD0D3201BB075CB00D97AD4 /* UUColor.m in Sources */ = {isa = PBXBuildFile; fileRef = 5CD0D3191BB075CB00D97AD4 /* UUColor.m */; };
		5CD0D3211BB075CB00D97AD4 /* UULineChart.m in Sources */ = {isa = PBXBuildFile; fileRef = 5CD0D31B1BB075CB00D97AD4 /* UULineChart.m */; };
		5CD0D3241BB08F6400D97AD4 /* medcialView.m in Sources */ = {isa = PBXBuildFile; fileRef = 5CD0D3231BB08F6400D97AD4 /* medcialView.m */; };
		5CD0D3271BB0CFF400D97AD4 /* SportsAddView.m in Sources */ = {isa = PBXBuildFile; fileRef = 5CD0D3261BB0CFF400D97AD4 /* SportsAddView.m */; };
		5CD0D32A1BB0DA0900D97AD4 /* ChartView.m in Sources */ = {isa = PBXBuildFile; fileRef = 5CD0D3291BB0DA0900D97AD4 /* ChartView.m */; };
		5CD0D3301BB0E79700D97AD4 /* SupportView.m in Sources */ = {isa = PBXBuildFile; fileRef = 5CD0D32F1BB0E79700D97AD4 /* SupportView.m */; };
		5CD0D3331BB0EB4900D97AD4 /* SettingView.m in Sources */ = {isa = PBXBuildFile; fileRef = 5CD0D3321BB0EB4900D97AD4 /* SettingView.m */; };
		5CD0D3361BB0EB7000D97AD4 /* SettingMain.m in Sources */ = {isa = PBXBuildFile; fileRef = 5CD0D3351BB0EB7000D97AD4 /* SettingMain.m */; };
		5CD0D3391BB0EDAB00D97AD4 /* personView.m in Sources */ = {isa = PBXBuildFile; fileRef = 5CD0D3381BB0EDAB00D97AD4 /* personView.m */; };
		5CD0D33C1BB0F33A00D97AD4 /* DeviceView.m in Sources */ = {isa = PBXBuildFile; fileRef = 5CD0D33B1BB0F33A00D97AD4 /* DeviceView.m */; };
/* End PBXBuildFile section */

/* Begin PBXContainerItemProxy section */
		5CD0D2C31BB04E5600D97AD4 /* PBXContainerItemProxy */ = {
			isa = PBXContainerItemProxy;
			containerPortal = 5CD0D2A11BB04E5600D97AD4 /* Project object */;
			proxyType = 1;
			remoteGlobalIDString = 5CD0D2A81BB04E5600D97AD4;
			remoteInfo = LFE;
		};
/* End PBXContainerItemProxy section */

/* Begin PBXFileReference section */
		5CD0D2A91BB04E5600D97AD4 /* LFE.app */ = {isa = PBXFileReference; explicitFileType = wrapper.application; includeInIndex = 0; path = LFE.app; sourceTree = BUILT_PRODUCTS_DIR; };
		5CD0D2AD1BB04E5600D97AD4 /* Info.plist */ = {isa = PBXFileReference; lastKnownFileType = text.plist.xml; path = Info.plist; sourceTree = "<group>"; };
		5CD0D2AE1BB04E5600D97AD4 /* main.m */ = {isa = PBXFileReference; lastKnownFileType = sourcecode.c.objc; path = main.m; sourceTree = "<group>"; };
		5CD0D2B01BB04E5600D97AD4 /* AppDelegate.h */ = {isa = PBXFileReference; lastKnownFileType = sourcecode.c.h; path = AppDelegate.h; sourceTree = "<group>"; };
		5CD0D2B11BB04E5600D97AD4 /* AppDelegate.m */ = {isa = PBXFileReference; lastKnownFileType = sourcecode.c.objc; path = AppDelegate.m; sourceTree = "<group>"; };
		5CD0D2B31BB04E5600D97AD4 /* ViewController.h */ = {isa = PBXFileReference; lastKnownFileType = sourcecode.c.h; path = ViewController.h; sourceTree = "<group>"; };
		5CD0D2B41BB04E5600D97AD4 /* ViewController.m */ = {isa = PBXFileReference; lastKnownFileType = sourcecode.c.objc; path = ViewController.m; sourceTree = "<group>"; };
		5CD0D2B71BB04E5600D97AD4 /* Base */ = {isa = PBXFileReference; lastKnownFileType = file.storyboard; name = Base; path = Base.lproj/Main.storyboard; sourceTree = "<group>"; };
		5CD0D2B91BB04E5600D97AD4 /* Images.xcassets */ = {isa = PBXFileReference; lastKnownFileType = folder.assetcatalog; path = Images.xcassets; sourceTree = "<group>"; };
		5CD0D2BC1BB04E5600D97AD4 /* Base */ = {isa = PBXFileReference; lastKnownFileType = file.xib; name = Base; path = Base.lproj/LaunchScreen.xib; sourceTree = "<group>"; };
		5CD0D2C21BB04E5600D97AD4 /* LFETests.xctest */ = {isa = PBXFileReference; explicitFileType = wrapper.cfbundle; includeInIndex = 0; path = LFETests.xctest; sourceTree = BUILT_PRODUCTS_DIR; };
		5CD0D2C71BB04E5600D97AD4 /* Info.plist */ = {isa = PBXFileReference; lastKnownFileType = text.plist.xml; path = Info.plist; sourceTree = "<group>"; };
		5CD0D2C81BB04E5600D97AD4 /* LFETests.m */ = {isa = PBXFileReference; lastKnownFileType = sourcecode.c.objc; path = LFETests.m; sourceTree = "<group>"; };
		5CD0D2D21BB04F8E00D97AD4 /* ImageButton.h */ = {isa = PBXFileReference; fileEncoding = 4; lastKnownFileType = sourcecode.c.h; path = ImageButton.h; sourceTree = "<group>"; };
		5CD0D2D31BB04F8E00D97AD4 /* ImageButton.m */ = {isa = PBXFileReference; fileEncoding = 4; lastKnownFileType = sourcecode.c.objc; path = ImageButton.m; sourceTree = "<group>"; };
		5CD0D2D51BB0546E00D97AD4 /* PageView.h */ = {isa = PBXFileReference; fileEncoding = 4; lastKnownFileType = sourcecode.c.h; path = PageView.h; sourceTree = "<group>"; };
		5CD0D2D61BB0546E00D97AD4 /* PageView.m */ = {isa = PBXFileReference; fileEncoding = 4; lastKnownFileType = sourcecode.c.objc; path = PageView.m; sourceTree = "<group>"; };
		5CD0D2D91BB05CE500D97AD4 /* UIColor+HexColor.h */ = {isa = PBXFileReference; fileEncoding = 4; lastKnownFileType = sourcecode.c.h; path = "UIColor+HexColor.h"; sourceTree = "<group>"; };
		5CD0D2DA1BB05CE500D97AD4 /* UIColor+HexColor.m */ = {isa = PBXFileReference; fileEncoding = 4; lastKnownFileType = sourcecode.c.objc; path = "UIColor+HexColor.m"; sourceTree = "<group>"; };
		5CD0D2DB1BB05CE500D97AD4 /* VBPieChart.h */ = {isa = PBXFileReference; fileEncoding = 4; lastKnownFileType = sourcecode.c.h; path = VBPieChart.h; sourceTree = "<group>"; };
		5CD0D2DC1BB05CE500D97AD4 /* VBPieChart.m */ = {isa = PBXFileReference; fileEncoding = 4; lastKnownFileType = sourcecode.c.objc; path = VBPieChart.m; sourceTree = "<group>"; };
		5CD0D2DD1BB05CE500D97AD4 /* VBPiePiece.h */ = {isa = PBXFileReference; fileEncoding = 4; lastKnownFileType = sourcecode.c.h; path = VBPiePiece.h; sourceTree = "<group>"; };
		5CD0D2DE1BB05CE500D97AD4 /* VBPiePiece.m */ = {isa = PBXFileReference; fileEncoding = 4; lastKnownFileType = sourcecode.c.objc; path = VBPiePiece.m; sourceTree = "<group>"; };
		5CD0D2F51BB05E3500D97AD4 /* LineAndBarChart.h */ = {isa = PBXFileReference; fileEncoding = 4; lastKnownFileType = sourcecode.c.h; path = LineAndBarChart.h; sourceTree = "<group>"; };
		5CD0D2F61BB05E3500D97AD4 /* LineAndBarChart.m */ = {isa = PBXFileReference; fileEncoding = 4; lastKnownFileType = sourcecode.c.objc; path = LineAndBarChart.m; sourceTree = "<group>"; };
		5CD0D2F81BB061D800D97AD4 /* BarChart.h */ = {isa = PBXFileReference; fileEncoding = 4; lastKnownFileType = sourcecode.c.h; path = BarChart.h; sourceTree = "<group>"; };
		5CD0D2F91BB061D800D97AD4 /* BarChart.m */ = {isa = PBXFileReference; fileEncoding = 4; lastKnownFileType = sourcecode.c.objc; path = BarChart.m; sourceTree = "<group>"; };
		5CD0D2FB1BB0682A00D97AD4 /* SportsView.h */ = {isa = PBXFileReference; fileEncoding = 4; lastKnownFileType = sourcecode.c.h; path = SportsView.h; sourceTree = "<group>"; };
		5CD0D2FC1BB0682A00D97AD4 /* SportsView.m */ = {isa = PBXFileReference; fileEncoding = 4; lastKnownFileType = sourcecode.c.objc; path = SportsView.m; sourceTree = "<group>"; };
		5CD0D3101BB075CB00D97AD4 /* UUBar.h */ = {isa = PBXFileReference; fileEncoding = 4; lastKnownFileType = sourcecode.c.h; name = UUBar.h; path = ../../UUChartView/UUChart/UUBar.h; sourceTree = "<group>"; };
		5CD0D3111BB075CB00D97AD4 /* UUBar.m */ = {isa = PBXFileReference; fileEncoding = 4; lastKnownFileType = sourcecode.c.objc; name = UUBar.m; path = ../../UUChartView/UUChart/UUBar.m; sourceTree = "<group>"; };
		5CD0D3121BB075CB00D97AD4 /* UUBarChart.h */ = {isa = PBXFileReference; fileEncoding = 4; lastKnownFileType = sourcecode.c.h; name = UUBarChart.h; path = ../../UUChartView/UUChart/UUBarChart.h; sourceTree = "<group>"; };
		5CD0D3131BB075CB00D97AD4 /* UUBarChart.m */ = {isa = PBXFileReference; fileEncoding = 4; lastKnownFileType = sourcecode.c.objc; name = UUBarChart.m; path = ../../UUChartView/UUChart/UUBarChart.m; sourceTree = "<group>"; };
		5CD0D3141BB075CB00D97AD4 /* UUChart.h */ = {isa = PBXFileReference; fileEncoding = 4; lastKnownFileType = sourcecode.c.h; name = UUChart.h; path = ../../UUChartView/UUChart/UUChart.h; sourceTree = "<group>"; };
		5CD0D3151BB075CB00D97AD4 /* UUChart.m */ = {isa = PBXFileReference; fileEncoding = 4; lastKnownFileType = sourcecode.c.objc; name = UUChart.m; path = ../../UUChartView/UUChart/UUChart.m; sourceTree = "<group>"; };
		5CD0D3161BB075CB00D97AD4 /* UUChartLabel.h */ = {isa = PBXFileReference; fileEncoding = 4; lastKnownFileType = sourcecode.c.h; name = UUChartLabel.h; path = ../../UUChartView/UUChart/UUChartLabel.h; sourceTree = "<group>"; };
		5CD0D3171BB075CB00D97AD4 /* UUChartLabel.m */ = {isa = PBXFileReference; fileEncoding = 4; lastKnownFileType = sourcecode.c.objc; name = UUChartLabel.m; path = ../../UUChartView/UUChart/UUChartLabel.m; sourceTree = "<group>"; };
		5CD0D3181BB075CB00D97AD4 /* UUColor.h */ = {isa = PBXFileReference; fileEncoding = 4; lastKnownFileType = sourcecode.c.h; name = UUColor.h; path = ../../UUChartView/UUChart/UUColor.h; sourceTree = "<group>"; };
		5CD0D3191BB075CB00D97AD4 /* UUColor.m */ = {isa = PBXFileReference; fileEncoding = 4; lastKnownFileType = sourcecode.c.objc; name = UUColor.m; path = ../../UUChartView/UUChart/UUColor.m; sourceTree = "<group>"; };
		5CD0D31A1BB075CB00D97AD4 /* UULineChart.h */ = {isa = PBXFileReference; fileEncoding = 4; lastKnownFileType = sourcecode.c.h; name = UULineChart.h; path = ../../UUChartView/UUChart/UULineChart.h; sourceTree = "<group>"; };
		5CD0D31B1BB075CB00D97AD4 /* UULineChart.m */ = {isa = PBXFileReference; fileEncoding = 4; lastKnownFileType = sourcecode.c.objc; name = UULineChart.m; path = ../../UUChartView/UUChart/UULineChart.m; sourceTree = "<group>"; };
		5CD0D3221BB08F6400D97AD4 /* medcialView.h */ = {isa = PBXFileReference; fileEncoding = 4; lastKnownFileType = sourcecode.c.h; path = medcialView.h; sourceTree = "<group>"; };
		5CD0D3231BB08F6400D97AD4 /* medcialView.m */ = {isa = PBXFileReference; fileEncoding = 4; lastKnownFileType = sourcecode.c.objc; path = medcialView.m; sourceTree = "<group>"; };
		5CD0D3251BB0CFF400D97AD4 /* SportsAddView.h */ = {isa = PBXFileReference; fileEncoding = 4; lastKnownFileType = sourcecode.c.h; path = SportsAddView.h; sourceTree = "<group>"; };
		5CD0D3261BB0CFF400D97AD4 /* SportsAddView.m */ = {isa = PBXFileReference; fileEncoding = 4; lastKnownFileType = sourcecode.c.objc; path = SportsAddView.m; sourceTree = "<group>"; };
		5CD0D3281BB0DA0900D97AD4 /* ChartView.h */ = {isa = PBXFileReference; fileEncoding = 4; lastKnownFileType = sourcecode.c.h; path = ChartView.h; sourceTree = "<group>"; };
		5CD0D3291BB0DA0900D97AD4 /* ChartView.m */ = {isa = PBXFileReference; fileEncoding = 4; lastKnownFileType = sourcecode.c.objc; path = ChartView.m; sourceTree = "<group>"; };
		5CD0D32E1BB0E79700D97AD4 /* SupportView.h */ = {isa = PBXFileReference; fileEncoding = 4; lastKnownFileType = sourcecode.c.h; path = SupportView.h; sourceTree = "<group>"; };
		5CD0D32F1BB0E79700D97AD4 /* SupportView.m */ = {isa = PBXFileReference; fileEncoding = 4; lastKnownFileType = sourcecode.c.objc; path = SupportView.m; sourceTree = "<group>"; };
		5CD0D3311BB0EB4900D97AD4 /* SettingView.h */ = {isa = PBXFileReference; fileEncoding = 4; lastKnownFileType = sourcecode.c.h; path = SettingView.h; sourceTree = "<group>"; };
		5CD0D3321BB0EB4900D97AD4 /* SettingView.m */ = {isa = PBXFileReference; fileEncoding = 4; lastKnownFileType = sourcecode.c.objc; path = SettingView.m; sourceTree = "<group>"; };
		5CD0D3341BB0EB7000D97AD4 /* SettingMain.h */ = {isa = PBXFileReference; fileEncoding = 4; lastKnownFileType = sourcecode.c.h; path = SettingMain.h; sourceTree = "<group>"; };
		5CD0D3351BB0EB7000D97AD4 /* SettingMain.m */ = {isa = PBXFileReference; fileEncoding = 4; lastKnownFileType = sourcecode.c.objc; path = SettingMain.m; sourceTree = "<group>"; };
		5CD0D3371BB0EDAB00D97AD4 /* personView.h */ = {isa = PBXFileReference; fileEncoding = 4; lastKnownFileType = sourcecode.c.h; path = personView.h; sourceTree = "<group>"; };
		5CD0D3381BB0EDAB00D97AD4 /* personView.m */ = {isa = PBXFileReference; fileEncoding = 4; lastKnownFileType = sourcecode.c.objc; path = personView.m; sourceTree = "<group>"; };
		5CD0D33A1BB0F33A00D97AD4 /* DeviceView.h */ = {isa = PBXFileReference; fileEncoding = 4; lastKnownFileType = sourcecode.c.h; path = DeviceView.h; sourceTree = "<group>"; };
		5CD0D33B1BB0F33A00D97AD4 /* DeviceView.m */ = {isa = PBXFileReference; fileEncoding = 4; lastKnownFileType = sourcecode.c.objc; path = DeviceView.m; sourceTree = "<group>"; };
/* End PBXFileReference section */

/* Begin PBXFrameworksBuildPhase section */
		5CD0D2A61BB04E5600D97AD4 /* Frameworks */ = {
			isa = PBXFrameworksBuildPhase;
			buildActionMask = 2147483647;
			files = (
			);
			runOnlyForDeploymentPostprocessing = 0;
		};
		5CD0D2BF1BB04E5600D97AD4 /* Frameworks */ = {
			isa = PBXFrameworksBuildPhase;
			buildActionMask = 2147483647;
			files = (
			);
			runOnlyForDeploymentPostprocessing = 0;
		};
/* End PBXFrameworksBuildPhase section */

/* Begin PBXGroup section */
		5CD0D2A01BB04E5600D97AD4 = {
			isa = PBXGroup;
			children = (
				5CD0D2AB1BB04E5600D97AD4 /* LFE */,
				5CD0D2C51BB04E5600D97AD4 /* LFETests */,
				5CD0D2AA1BB04E5600D97AD4 /* Products */,
			);
			sourceTree = "<group>";
		};
		5CD0D2AA1BB04E5600D97AD4 /* Products */ = {
			isa = PBXGroup;
			children = (
				5CD0D2A91BB04E5600D97AD4 /* LFE.app */,
				5CD0D2C21BB04E5600D97AD4 /* LFETests.xctest */,
			);
			name = Products;
			sourceTree = "<group>";
		};
		5CD0D2AB1BB04E5600D97AD4 /* LFE */ = {
			isa = PBXGroup;
			children = (
				5CD0D2E21BB05CEC00D97AD4 /* uuchart */,
				5CD0D2D81BB05CCF00D97AD4 /* pie */,
				5CD0D2B01BB04E5600D97AD4 /* AppDelegate.h */,
				5CD0D2B11BB04E5600D97AD4 /* AppDelegate.m */,
				5CD0D2B31BB04E5600D97AD4 /* ViewController.h */,
				5CD0D2B41BB04E5600D97AD4 /* ViewController.m */,
				5CD0D2B61BB04E5600D97AD4 /* Main.storyboard */,
				5CD0D2B91BB04E5600D97AD4 /* Images.xcassets */,
				5CD0D2BB1BB04E5600D97AD4 /* LaunchScreen.xib */,
				5CD0D2AC1BB04E5600D97AD4 /* Supporting Files */,
				5CD0D2D21BB04F8E00D97AD4 /* ImageButton.h */,
				5CD0D2D31BB04F8E00D97AD4 /* ImageButton.m */,
				5CD0D2D51BB0546E00D97AD4 /* PageView.h */,
				5CD0D2D61BB0546E00D97AD4 /* PageView.m */,
				5CD0D2F51BB05E3500D97AD4 /* LineAndBarChart.h */,
				5CD0D2F61BB05E3500D97AD4 /* LineAndBarChart.m */,
				5CD0D2F81BB061D800D97AD4 /* BarChart.h */,
				5CD0D2F91BB061D800D97AD4 /* BarChart.m */,
				5CD0D2FB1BB0682A00D97AD4 /* SportsView.h */,
				5CD0D2FC1BB0682A00D97AD4 /* SportsView.m */,
				5CD0D3221BB08F6400D97AD4 /* medcialView.h */,
				5CD0D3231BB08F6400D97AD4 /* medcialView.m */,
				5CD0D3251BB0CFF400D97AD4 /* SportsAddView.h */,
				5CD0D3261BB0CFF400D97AD4 /* SportsAddView.m */,
				5CD0D3281BB0DA0900D97AD4 /* ChartView.h */,
				5CD0D3291BB0DA0900D97AD4 /* ChartView.m */,
				5CD0D32E1BB0E79700D97AD4 /* SupportView.h */,
				5CD0D32F1BB0E79700D97AD4 /* SupportView.m */,
				5CD0D3311BB0EB4900D97AD4 /* SettingView.h */,
				5CD0D3321BB0EB4900D97AD4 /* SettingView.m */,
				5CD0D3341BB0EB7000D97AD4 /* SettingMain.h */,
				5CD0D3351BB0EB7000D97AD4 /* SettingMain.m */,
				5CD0D3371BB0EDAB00D97AD4 /* personView.h */,
				5CD0D33A1BB0F33A00D97AD4 /* DeviceView.h */,
				5CD0D3381BB0EDAB00D97AD4 /* personView.m */,
				5CD0D33B1BB0F33A00D97AD4 /* DeviceView.m */,
			);
			path = LFE;
			sourceTree = "<group>";
		};
		5CD0D2AC1BB04E5600D97AD4 /* Supporting Files */ = {
			isa = PBXGroup;
			children = (
				5CD0D2AD1BB04E5600D97AD4 /* Info.plist */,
				5CD0D2AE1BB04E5600D97AD4 /* main.m */,
			);
			name = "Supporting Files";
			sourceTree = "<group>";
		};
		5CD0D2C51BB04E5600D97AD4 /* LFETests */ = {
			isa = PBXGroup;
			children = (
				5CD0D2C81BB04E5600D97AD4 /* LFETests.m */,
				5CD0D2C61BB04E5600D97AD4 /* Supporting Files */,
			);
			path = LFETests;
			sourceTree = "<group>";
		};
		5CD0D2C61BB04E5600D97AD4 /* Supporting Files */ = {
			isa = PBXGroup;
			children = (
				5CD0D2C71BB04E5600D97AD4 /* Info.plist */,
			);
			name = "Supporting Files";
			sourceTree = "<group>";
		};
		5CD0D2D81BB05CCF00D97AD4 /* pie */ = {
			isa = PBXGroup;
			children = (
				5CD0D2D91BB05CE500D97AD4 /* UIColor+HexColor.h */,
				5CD0D2DA1BB05CE500D97AD4 /* UIColor+HexColor.m */,
				5CD0D2DB1BB05CE500D97AD4 /* VBPieChart.h */,
				5CD0D2DC1BB05CE500D97AD4 /* VBPieChart.m */,
				5CD0D2DD1BB05CE500D97AD4 /* VBPiePiece.h */,
				5CD0D2DE1BB05CE500D97AD4 /* VBPiePiece.m */,
			);
			name = pie;
			sourceTree = "<group>";
		};
		5CD0D2E21BB05CEC00D97AD4 /* uuchart */ = {
			isa = PBXGroup;
			children = (
				5CD0D3101BB075CB00D97AD4 /* UUBar.h */,
				5CD0D3111BB075CB00D97AD4 /* UUBar.m */,
				5CD0D3121BB075CB00D97AD4 /* UUBarChart.h */,
				5CD0D3131BB075CB00D97AD4 /* UUBarChart.m */,
				5CD0D3141BB075CB00D97AD4 /* UUChart.h */,
				5CD0D3151BB075CB00D97AD4 /* UUChart.m */,
				5CD0D3161BB075CB00D97AD4 /* UUChartLabel.h */,
				5CD0D3171BB075CB00D97AD4 /* UUChartLabel.m */,
				5CD0D3181BB075CB00D97AD4 /* UUColor.h */,
				5CD0D3191BB075CB00D97AD4 /* UUColor.m */,
				5CD0D31A1BB075CB00D97AD4 /* UULineChart.h */,
				5CD0D31B1BB075CB00D97AD4 /* UULineChart.m */,
			);
			name = uuchart;
			sourceTree = "<group>";
		};
/* End PBXGroup section */

/* Begin PBXNativeTarget section */
		5CD0D2A81BB04E5600D97AD4 /* LFE */ = {
			isa = PBXNativeTarget;
			buildConfigurationList = 5CD0D2CC1BB04E5600D97AD4 /* Build configuration list for PBXNativeTarget "LFE" */;
			buildPhases = (
				5CD0D2A51BB04E5600D97AD4 /* Sources */,
				5CD0D2A61BB04E5600D97AD4 /* Frameworks */,
				5CD0D2A71BB04E5600D97AD4 /* Resources */,
			);
			buildRules = (
			);
			dependencies = (
			);
			name = LFE;
			productName = LFE;
			productReference = 5CD0D2A91BB04E5600D97AD4 /* LFE.app */;
			productType = "com.apple.product-type.application";
		};
		5CD0D2C11BB04E5600D97AD4 /* LFETests */ = {
			isa = PBXNativeTarget;
			buildConfigurationList = 5CD0D2CF1BB04E5600D97AD4 /* Build configuration list for PBXNativeTarget "LFETests" */;
			buildPhases = (
				5CD0D2BE1BB04E5600D97AD4 /* Sources */,
				5CD0D2BF1BB04E5600D97AD4 /* Frameworks */,
				5CD0D2C01BB04E5600D97AD4 /* Resources */,
			);
			buildRules = (
			);
			dependencies = (
				5CD0D2C41BB04E5600D97AD4 /* PBXTargetDependency */,
			);
			name = LFETests;
			productName = LFETests;
			productReference = 5CD0D2C21BB04E5600D97AD4 /* LFETests.xctest */;
			productType = "com.apple.product-type.bundle.unit-test";
		};
/* End PBXNativeTarget section */

/* Begin PBXProject section */
		5CD0D2A11BB04E5600D97AD4 /* Project object */ = {
			isa = PBXProject;
			attributes = {
				LastUpgradeCheck = 0640;
				ORGANIZATIONNAME = "Yuntao Wang";
				TargetAttributes = {
					5CD0D2A81BB04E5600D97AD4 = {
						CreatedOnToolsVersion = 6.4;
					};
					5CD0D2C11BB04E5600D97AD4 = {
						CreatedOnToolsVersion = 6.4;
						TestTargetID = 5CD0D2A81BB04E5600D97AD4;
					};
				};
			};
			buildConfigurationList = 5CD0D2A41BB04E5600D97AD4 /* Build configuration list for PBXProject "LFE" */;
			compatibilityVersion = "Xcode 3.2";
			developmentRegion = English;
			hasScannedForEncodings = 0;
			knownRegions = (
				en,
				Base,
			);
			mainGroup = 5CD0D2A01BB04E5600D97AD4;
			productRefGroup = 5CD0D2AA1BB04E5600D97AD4 /* Products */;
			projectDirPath = "";
			projectRoot = "";
			targets = (
				5CD0D2A81BB04E5600D97AD4 /* LFE */,
				5CD0D2C11BB04E5600D97AD4 /* LFETests */,
			);
		};
/* End PBXProject section */

/* Begin PBXResourcesBuildPhase section */
		5CD0D2A71BB04E5600D97AD4 /* Resources */ = {
			isa = PBXResourcesBuildPhase;
			buildActionMask = 2147483647;
			files = (
				5CD0D2B81BB04E5600D97AD4 /* Main.storyboard in Resources */,
				5CD0D2BD1BB04E5600D97AD4 /* LaunchScreen.xib in Resources */,
				5CD0D2BA1BB04E5600D97AD4 /* Images.xcassets in Resources */,
			);
			runOnlyForDeploymentPostprocessing = 0;
		};
		5CD0D2C01BB04E5600D97AD4 /* Resources */ = {
			isa = PBXResourcesBuildPhase;
			buildActionMask = 2147483647;
			files = (
			);
			runOnlyForDeploymentPostprocessing = 0;
		};
/* End PBXResourcesBuildPhase section */

/* Begin PBXSourcesBuildPhase section */
		5CD0D2A51BB04E5600D97AD4 /* Sources */ = {
			isa = PBXSourcesBuildPhase;
			buildActionMask = 2147483647;
			files = (
				5CD0D2FD1BB0682A00D97AD4 /* SportsView.m in Sources */,
				5CD0D3391BB0EDAB00D97AD4 /* personView.m in Sources */,
				5CD0D2B51BB04E5600D97AD4 /* ViewController.m in Sources */,
				5CD0D2B21BB04E5600D97AD4 /* AppDelegate.m in Sources */,
				5CD0D31D1BB075CB00D97AD4 /* UUBarChart.m in Sources */,
				5CD0D2AF1BB04E5600D97AD4 /* main.m in Sources */,
				5CD0D3301BB0E79700D97AD4 /* SupportView.m in Sources */,
				5CD0D2E11BB05CE500D97AD4 /* VBPiePiece.m in Sources */,
				5CD0D3361BB0EB7000D97AD4 /* SettingMain.m in Sources */,
				5CD0D31F1BB075CB00D97AD4 /* UUChartLabel.m in Sources */,
				5CD0D33C1BB0F33A00D97AD4 /* DeviceView.m in Sources */,
				5CD0D32A1BB0DA0900D97AD4 /* ChartView.m in Sources */,
				5CD0D3331BB0EB4900D97AD4 /* SettingView.m in Sources */,
				5CD0D3211BB075CB00D97AD4 /* UULineChart.m in Sources */,
				5CD0D2D41BB04F8E00D97AD4 /* ImageButton.m in Sources */,
				5CD0D2E01BB05CE500D97AD4 /* VBPieChart.m in Sources */,
				5CD0D3241BB08F6400D97AD4 /* medcialView.m in Sources */,
				5CD0D2D71BB0546E00D97AD4 /* PageView.m in Sources */,
				5CD0D2FA1BB061D800D97AD4 /* BarChart.m in Sources */,
				5CD0D3271BB0CFF400D97AD4 /* SportsAddView.m in Sources */,
				5CD0D31C1BB075CB00D97AD4 /* UUBar.m in Sources */,
				5CD0D2F71BB05E3500D97AD4 /* LineAndBarChart.m in Sources */,
				5CD0D3201BB075CB00D97AD4 /* UUColor.m in Sources */,
				5CD0D31E1BB075CB00D97AD4 /* UUChart.m in Sources */,
				5CD0D2DF1BB05CE500D97AD4 /* UIColor+HexColor.m in Sources */,
			);
			runOnlyForDeploymentPostprocessing = 0;
		};
		5CD0D2BE1BB04E5600D97AD4 /* Sources */ = {
			isa = PBXSourcesBuildPhase;
			buildActionMask = 2147483647;
			files = (
				5CD0D2C91BB04E5600D97AD4 /* LFETests.m in Sources */,
			);
			runOnlyForDeploymentPostprocessing = 0;
		};
/* End PBXSourcesBuildPhase section */

/* Begin PBXTargetDependency section */
		5CD0D2C41BB04E5600D97AD4 /* PBXTargetDependency */ = {
			isa = PBXTargetDependency;
			target = 5CD0D2A81BB04E5600D97AD4 /* LFE */;
			targetProxy = 5CD0D2C31BB04E5600D97AD4 /* PBXContainerItemProxy */;
		};
/* End PBXTargetDependency section */

/* Begin PBXVariantGroup section */
		5CD0D2B61BB04E5600D97AD4 /* Main.storyboard */ = {
			isa = PBXVariantGroup;
			children = (
				5CD0D2B71BB04E5600D97AD4 /* Base */,
			);
			name = Main.storyboard;
			sourceTree = "<group>";
		};
		5CD0D2BB1BB04E5600D97AD4 /* LaunchScreen.xib */ = {
			isa = PBXVariantGroup;
			children = (
				5CD0D2BC1BB04E5600D97AD4 /* Base */,
			);
			name = LaunchScreen.xib;
			sourceTree = "<group>";
		};
/* End PBXVariantGroup section */

/* Begin XCBuildConfiguration section */
		5CD0D2CA1BB04E5600D97AD4 /* Debug */ = {
			isa = XCBuildConfiguration;
			buildSettings = {
				ALWAYS_SEARCH_USER_PATHS = NO;
				CLANG_CXX_LANGUAGE_STANDARD = "gnu++0x";
				CLANG_CXX_LIBRARY = "libc++";
				CLANG_ENABLE_MODULES = YES;
				CLANG_ENABLE_OBJC_ARC = YES;
				CLANG_WARN_BOOL_CONVERSION = YES;
				CLANG_WARN_CONSTANT_CONVERSION = YES;
				CLANG_WARN_DIRECT_OBJC_ISA_USAGE = YES_ERROR;
				CLANG_WARN_EMPTY_BODY = YES;
				CLANG_WARN_ENUM_CONVERSION = YES;
				CLANG_WARN_INT_CONVERSION = YES;
				CLANG_WARN_OBJC_ROOT_CLASS = YES_ERROR;
				CLANG_WARN_UNREACHABLE_CODE = YES;
				CLANG_WARN__DUPLICATE_METHOD_MATCH = YES;
				"CODE_SIGN_IDENTITY[sdk=iphoneos*]" = "iPhone Developer";
				COPY_PHASE_STRIP = NO;
				DEBUG_INFORMATION_FORMAT = "dwarf-with-dsym";
				ENABLE_STRICT_OBJC_MSGSEND = YES;
				GCC_C_LANGUAGE_STANDARD = gnu99;
				GCC_DYNAMIC_NO_PIC = NO;
				GCC_NO_COMMON_BLOCKS = YES;
				GCC_OPTIMIZATION_LEVEL = 0;
				GCC_PREPROCESSOR_DEFINITIONS = (
					"DEBUG=1",
					"$(inherited)",
				);
				GCC_SYMBOLS_PRIVATE_EXTERN = NO;
				GCC_WARN_64_TO_32_BIT_CONVERSION = YES;
				GCC_WARN_ABOUT_RETURN_TYPE = YES_ERROR;
				GCC_WARN_UNDECLARED_SELECTOR = YES;
				GCC_WARN_UNINITIALIZED_AUTOS = YES_AGGRESSIVE;
				GCC_WARN_UNUSED_FUNCTION = YES;
				GCC_WARN_UNUSED_VARIABLE = YES;
				IPHONEOS_DEPLOYMENT_TARGET = 8.4;
				MTL_ENABLE_DEBUG_INFO = YES;
				ONLY_ACTIVE_ARCH = YES;
				SDKROOT = iphoneos;
			};
			name = Debug;
		};
		5CD0D2CB1BB04E5600D97AD4 /* Release */ = {
			isa = XCBuildConfiguration;
			buildSettings = {
				ALWAYS_SEARCH_USER_PATHS = NO;
				CLANG_CXX_LANGUAGE_STANDARD = "gnu++0x";
				CLANG_CXX_LIBRARY = "libc++";
				CLANG_ENABLE_MODULES = YES;
				CLANG_ENABLE_OBJC_ARC = YES;
				CLANG_WARN_BOOL_CONVERSION = YES;
				CLANG_WARN_CONSTANT_CONVERSION = YES;
				CLANG_WARN_DIRECT_OBJC_ISA_USAGE = YES_ERROR;
				CLANG_WARN_EMPTY_BODY = YES;
				CLANG_WARN_ENUM_CONVERSION = YES;
				CLANG_WARN_INT_CONVERSION = YES;
				CLANG_WARN_OBJC_ROOT_CLASS = YES_ERROR;
				CLANG_WARN_UNREACHABLE_CODE = YES;
				CLANG_WARN__DUPLICATE_METHOD_MATCH = YES;
				"CODE_SIGN_IDENTITY[sdk=iphoneos*]" = "iPhone Developer";
				COPY_PHASE_STRIP = NO;
				DEBUG_INFORMATION_FORMAT = "dwarf-with-dsym";
				ENABLE_NS_ASSERTIONS = NO;
				ENABLE_STRICT_OBJC_MSGSEND = YES;
				GCC_C_LANGUAGE_STANDARD = gnu99;
				GCC_NO_COMMON_BLOCKS = YES;
				GCC_WARN_64_TO_32_BIT_CONVERSION = YES;
				GCC_WARN_ABOUT_RETURN_TYPE = YES_ERROR;
				GCC_WARN_UNDECLARED_SELECTOR = YES;
				GCC_WARN_UNINITIALIZED_AUTOS = YES_AGGRESSIVE;
				GCC_WARN_UNUSED_FUNCTION = YES;
				GCC_WARN_UNUSED_VARIABLE = YES;
				IPHONEOS_DEPLOYMENT_TARGET = 8.4;
				MTL_ENABLE_DEBUG_INFO = NO;
				SDKROOT = iphoneos;
				VALIDATE_PRODUCT = YES;
			};
			name = Release;
		};
		5CD0D2CD1BB04E5600D97AD4 /* Debug */ = {
			isa = XCBuildConfiguration;
			buildSettings = {
				ASSETCATALOG_COMPILER_APPICON_NAME = AppIcon;
				INFOPLIST_FILE = LFE/Info.plist;
				LD_RUNPATH_SEARCH_PATHS = "$(inherited) @executable_path/Frameworks";
				PRODUCT_NAME = "$(TARGET_NAME)";
			};
			name = Debug;
		};
		5CD0D2CE1BB04E5600D97AD4 /* Release */ = {
			isa = XCBuildConfiguration;
			buildSettings = {
				ASSETCATALOG_COMPILER_APPICON_NAME = AppIcon;
				INFOPLIST_FILE = LFE/Info.plist;
				LD_RUNPATH_SEARCH_PATHS = "$(inherited) @executable_path/Frameworks";
				PRODUCT_NAME = "$(TARGET_NAME)";
			};
			name = Release;
		};
		5CD0D2D01BB04E5600D97AD4 /* Debug */ = {
			isa = XCBuildConfiguration;
			buildSettings = {
				BUNDLE_LOADER = "$(TEST_HOST)";
				FRAMEWORK_SEARCH_PATHS = (
					"$(SDKROOT)/Developer/Library/Frameworks",
					"$(inherited)",
				);
				GCC_PREPROCESSOR_DEFINITIONS = (
					"DEBUG=1",
					"$(inherited)",
				);
				INFOPLIST_FILE = LFETests/Info.plist;
				LD_RUNPATH_SEARCH_PATHS = "$(inherited) @executable_path/Frameworks @loader_path/Frameworks";
				PRODUCT_NAME = "$(TARGET_NAME)";
				TEST_HOST = "$(BUILT_PRODUCTS_DIR)/LFE.app/LFE";
			};
			name = Debug;
		};
		5CD0D2D11BB04E5600D97AD4 /* Release */ = {
			isa = XCBuildConfiguration;
			buildSettings = {
				BUNDLE_LOADER = "$(TEST_HOST)";
				FRAMEWORK_SEARCH_PATHS = (
					"$(SDKROOT)/Developer/Library/Frameworks",
					"$(inherited)",
				);
				INFOPLIST_FILE = LFETests/Info.plist;
				LD_RUNPATH_SEARCH_PATHS = "$(inherited) @executable_path/Frameworks @loader_path/Frameworks";
				PRODUCT_NAME = "$(TARGET_NAME)";
				TEST_HOST = "$(BUILT_PRODUCTS_DIR)/LFE.app/LFE";
			};
			name = Release;
		};
/* End XCBuildConfiguration section */

/* Begin XCConfigurationList section */
		5CD0D2A41BB04E5600D97AD4 /* Build configuration list for PBXProject "LFE" */ = {
			isa = XCConfigurationList;
			buildConfigurations = (
				5CD0D2CA1BB04E5600D97AD4 /* Debug */,
				5CD0D2CB1BB04E5600D97AD4 /* Release */,
			);
			defaultConfigurationIsVisible = 0;
			defaultConfigurationName = Release;
		};
		5CD0D2CC1BB04E5600D97AD4 /* Build configuration list for PBXNativeTarget "LFE" */ = {
			isa = XCConfigurationList;
			buildConfigurations = (
				5CD0D2CD1BB04E5600D97AD4 /* Debug */,
				5CD0D2CE1BB04E5600D97AD4 /* Release */,
			);
			defaultConfigurationIsVisible = 0;
			defaultConfigurationName = Release;
		};
		5CD0D2CF1BB04E5600D97AD4 /* Build configuration list for PBXNativeTarget "LFETests" */ = {
			isa = XCConfigurationList;
			buildConfigurations = (
				5CD0D2D01BB04E5600D97AD4 /* Debug */,
				5CD0D2D11BB04E5600D97AD4 /* Release */,
			);
			defaultConfigurationIsVisible = 0;
			defaultConfigurationName = Release;
		};
/* End XCConfigurationList section */
	};
	rootObject = 5CD0D2A11BB04E5600D97AD4 /* Project object */;
}
